
Microsoft Visual Studio Solution File, Format Version 12.00
# Visual Studio 15
VisualStudioVersion = 15.0.28010.2046
MinimumVisualStudioVersion = 10.0.40219.1
Project("{FAE04EC0-301F-11D3-BF4B-00C04F79EFBC}") = "Event.API", "Event.API\Event.API.csproj", "{7E97339E-4350-4108-A13E-DDC0E416A5E3}"
EndProject
Project("{9A19103F-16F7-4668-BE54-9A1E7A4F7556}") = "Event", "Event\Event.csproj", "{231E5943-B165-458F-B198-3C99D29B6479}"
EndProject
Project("{FAE04EC0-301F-11D3-BF4B-00C04F79EFBC}") = "Event.Tests", "Event.Tests\Event.Tests.csproj", "{4C78DC41-FB7E-4226-AC9C-BC301E4957F5}"
EndProject
Global
	GlobalSection(SolutionConfigurationPlatforms) = preSolution
		Debug|Any CPU = Debug|Any CPU
		Release|Any CPU = Release|Any CPU
	EndGlobalSection
	GlobalSection(ProjectConfigurationPlatforms) = postSolution
		{7E97339E-4350-4108-A13E-DDC0E416A5E3}.Debug|Any CPU.ActiveCfg = Debug|Any CPU
		{7E97339E-4350-4108-A13E-DDC0E416A5E3}.Debug|Any CPU.Build.0 = Debug|Any CPU
		{7E97339E-4350-4108-A13E-DDC0E416A5E3}.Release|Any CPU.ActiveCfg = Release|Any CPU
		{7E97339E-4350-4108-A13E-DDC0E416A5E3}.Release|Any CPU.Build.0 = Release|Any CPU
		{231E5943-B165-458F-B198-3C99D29B6479}.Debug|Any CPU.ActiveCfg = Debug|Any CPU
		{231E5943-B165-458F-B198-3C99D29B6479}.Debug|Any CPU.Build.0 = Debug|Any CPU
		{231E5943-B165-458F-B198-3C99D29B6479}.Release|Any CPU.ActiveCfg = Release|Any CPU
		{231E5943-B165-458F-B198-3C99D29B6479}.Release|Any CPU.Build.0 = Release|Any CPU
		{4C78DC41-FB7E-4226-AC9C-BC301E4957F5}.Debug|Any CPU.ActiveCfg = Debug|Any CPU
		{4C78DC41-FB7E-4226-AC9C-BC301E4957F5}.Debug|Any CPU.Build.0 = Debug|Any CPU
		{4C78DC41-FB7E-4226-AC9C-BC301E4957F5}.Release|Any CPU.ActiveCfg = Release|Any CPU
		{4C78DC41-FB7E-4226-AC9C-BC301E4957F5}.Release|Any CPU.Build.0 = Release|Any CPU
	EndGlobalSection
	GlobalSection(SolutionProperties) = preSolution
		HideSolutionNode = FALSE
	EndGlobalSection
	GlobalSection(ExtensibilityGlobals) = postSolution
		SolutionGuid = {9DDDBAED-ACC5-41B9-9319-282B4159C615}
	EndGlobalSection
EndGlobal
